
Microsoft Visual Studio Solution File, Format Version 12.00
# Visual Studio 15
VisualStudioVersion = 15.0.27130.2010
MinimumVisualStudioVersion = 10.0.40219.1
Project("{FAE04EC0-301F-11D3-BF4B-00C04F79EFBC}") = "Battleship", "Battleship\Battleship.csproj", "{65AA379A-83B8-4E75-9323-66F1AA12C148}"
EndProject
Global
	GlobalSection(SolutionConfigurationPlatforms) = preSolution
		Debug|Any CPU = Debug|Any CPU
		Release|Any CPU = Release|Any CPU
	EndGlobalSection
	GlobalSection(ProjectConfigurationPlatforms) = postSolution
		{65AA379A-83B8-4E75-9323-66F1AA12C148}.Debug|Any CPU.ActiveCfg = Debug|Any CPU
		{65AA379A-83B8-4E75-9323-66F1AA12C148}.Debug|Any CPU.Build.0 = Debug|Any CPU
		{65AA379A-83B8-4E75-9323-66F1AA12C148}.Release|Any CPU.ActiveCfg = Release|Any CPU
		{65AA379A-83B8-4E75-9323-66F1AA12C148}.Release|Any CPU.Build.0 = Release|Any CPU
	EndGlobalSection
	GlobalSection(SolutionProperties) = preSolution
		HideSolutionNode = FALSE
	EndGlobalSection
	GlobalSection(ExtensibilityGlobals) = postSolution
		SolutionGuid = {58F26743-A433-4CEC-8F99-6B5D3939EFC1}
	EndGlobalSection
EndGlobal
