
Microsoft Visual Studio Solution File, Format Version 12.00
# Visual Studio 15
VisualStudioVersion = 15.0.27130.2010
MinimumVisualStudioVersion = 10.0.40219.1
Project("{FAE04EC0-301F-11D3-BF4B-00C04F79EFBC}") = "Console1701", "Console1701\Console1701.csproj", "{5C4D7D3C-6AE5-4A6C-9E53-BCA993DA9E30}"
EndProject
Global
	GlobalSection(SolutionConfigurationPlatforms) = preSolution
		Debug|Any CPU = Debug|Any CPU
		Release|Any CPU = Release|Any CPU
	EndGlobalSection
	GlobalSection(ProjectConfigurationPlatforms) = postSolution
		{5C4D7D3C-6AE5-4A6C-9E53-BCA993DA9E30}.Debug|Any CPU.ActiveCfg = Debug|Any CPU
		{5C4D7D3C-6AE5-4A6C-9E53-BCA993DA9E30}.Debug|Any CPU.Build.0 = Debug|Any CPU
		{5C4D7D3C-6AE5-4A6C-9E53-BCA993DA9E30}.Release|Any CPU.ActiveCfg = Release|Any CPU
		{5C4D7D3C-6AE5-4A6C-9E53-BCA993DA9E30}.Release|Any CPU.Build.0 = Release|Any CPU
	EndGlobalSection
	GlobalSection(SolutionProperties) = preSolution
		HideSolutionNode = FALSE
	EndGlobalSection
	GlobalSection(ExtensibilityGlobals) = postSolution
		SolutionGuid = {540DA1FA-B6B7-4E41-AAC4-0B8B1E543F5C}
	EndGlobalSection
EndGlobal
