
Microsoft Visual Studio Solution File, Format Version 12.00
# Visual Studio 15
VisualStudioVersion = 15.0.27130.2010
MinimumVisualStudioVersion = 10.0.40219.1
Project("{FAE04EC0-301F-11D3-BF4B-00C04F79EFBC}") = "gfx", "gfx\gfx.csproj", "{C47FE81B-8635-4750-B876-4B5FB02B8E01}"
EndProject
Global
	GlobalSection(SolutionConfigurationPlatforms) = preSolution
		Debug|Any CPU = Debug|Any CPU
		Release|Any CPU = Release|Any CPU
	EndGlobalSection
	GlobalSection(ProjectConfigurationPlatforms) = postSolution
		{C47FE81B-8635-4750-B876-4B5FB02B8E01}.Debug|Any CPU.ActiveCfg = Debug|Any CPU
		{C47FE81B-8635-4750-B876-4B5FB02B8E01}.Debug|Any CPU.Build.0 = Debug|Any CPU
		{C47FE81B-8635-4750-B876-4B5FB02B8E01}.Release|Any CPU.ActiveCfg = Release|Any CPU
		{C47FE81B-8635-4750-B876-4B5FB02B8E01}.Release|Any CPU.Build.0 = Release|Any CPU
	EndGlobalSection
	GlobalSection(SolutionProperties) = preSolution
		HideSolutionNode = FALSE
	EndGlobalSection
	GlobalSection(ExtensibilityGlobals) = postSolution
		SolutionGuid = {3378ADB8-9798-4A2D-850C-947D8A04F2F5}
	EndGlobalSection
EndGlobal
