
Microsoft Visual Studio Solution File, Format Version 12.00
# Visual Studio 15
VisualStudioVersion = 15.0.27130.2010
MinimumVisualStudioVersion = 10.0.40219.1
Project("{FAE04EC0-301F-11D3-BF4B-00C04F79EFBC}") = "FSM_calculator", "FSM_calculator\FSM_calculator.csproj", "{12FD1ECB-A209-4FA7-AE74-A3347B44A7FA}"
EndProject
Global
	GlobalSection(SolutionConfigurationPlatforms) = preSolution
		Debug|Any CPU = Debug|Any CPU
		Release|Any CPU = Release|Any CPU
	EndGlobalSection
	GlobalSection(ProjectConfigurationPlatforms) = postSolution
		{12FD1ECB-A209-4FA7-AE74-A3347B44A7FA}.Debug|Any CPU.ActiveCfg = Debug|Any CPU
		{12FD1ECB-A209-4FA7-AE74-A3347B44A7FA}.Debug|Any CPU.Build.0 = Debug|Any CPU
		{12FD1ECB-A209-4FA7-AE74-A3347B44A7FA}.Release|Any CPU.ActiveCfg = Release|Any CPU
		{12FD1ECB-A209-4FA7-AE74-A3347B44A7FA}.Release|Any CPU.Build.0 = Release|Any CPU
	EndGlobalSection
	GlobalSection(SolutionProperties) = preSolution
		HideSolutionNode = FALSE
	EndGlobalSection
	GlobalSection(ExtensibilityGlobals) = postSolution
		SolutionGuid = {26D03975-11DF-4B17-B389-F0A8BE5FC037}
	EndGlobalSection
EndGlobal
