
Microsoft Visual Studio Solution File, Format Version 12.00
# Visual Studio 15
VisualStudioVersion = 15.0.27130.2010
MinimumVisualStudioVersion = 10.0.40219.1
Project("{FAE04EC0-301F-11D3-BF4B-00C04F79EFBC}") = "Lab3", "Lab3\Lab3.csproj", "{836D4533-E982-4811-B3F4-DDFD6084D517}"
EndProject
Global
	GlobalSection(SolutionConfigurationPlatforms) = preSolution
		Debug|Any CPU = Debug|Any CPU
		Release|Any CPU = Release|Any CPU
	EndGlobalSection
	GlobalSection(ProjectConfigurationPlatforms) = postSolution
		{836D4533-E982-4811-B3F4-DDFD6084D517}.Debug|Any CPU.ActiveCfg = Debug|Any CPU
		{836D4533-E982-4811-B3F4-DDFD6084D517}.Debug|Any CPU.Build.0 = Debug|Any CPU
		{836D4533-E982-4811-B3F4-DDFD6084D517}.Release|Any CPU.ActiveCfg = Release|Any CPU
		{836D4533-E982-4811-B3F4-DDFD6084D517}.Release|Any CPU.Build.0 = Release|Any CPU
	EndGlobalSection
	GlobalSection(SolutionProperties) = preSolution
		HideSolutionNode = FALSE
	EndGlobalSection
	GlobalSection(ExtensibilityGlobals) = postSolution
		SolutionGuid = {E496B23D-32E4-4D13-9424-365B8979C185}
	EndGlobalSection
EndGlobal
